
Microsoft Visual Studio Solution File, Format Version 12.00
# Visual Studio Version 17
VisualStudioVersion = 17.7.34018.315
MinimumVisualStudioVersion = 10.0.40219.1
Project("{FAE04EC0-301F-11D3-BF4B-00C04F79EFBC}") = "WebApiAutores", "WebApiAutores\WebApiAutores.csproj", "{CC2CEA02-8EAB-4F70-903E-C872368CF9DF}"
EndProject
Global
	GlobalSection(SolutionConfigurationPlatforms) = preSolution
		Debug|Any CPU = Debug|Any CPU
		Release|Any CPU = Release|Any CPU
	EndGlobalSection
	GlobalSection(ProjectConfigurationPlatforms) = postSolution
		{CC2CEA02-8EAB-4F70-903E-C872368CF9DF}.Debug|Any CPU.ActiveCfg = Debug|Any CPU
		{CC2CEA02-8EAB-4F70-903E-C872368CF9DF}.Debug|Any CPU.Build.0 = Debug|Any CPU
		{CC2CEA02-8EAB-4F70-903E-C872368CF9DF}.Release|Any CPU.ActiveCfg = Release|Any CPU
		{CC2CEA02-8EAB-4F70-903E-C872368CF9DF}.Release|Any CPU.Build.0 = Release|Any CPU
	EndGlobalSection
	GlobalSection(SolutionProperties) = preSolution
		HideSolutionNode = FALSE
	EndGlobalSection
	GlobalSection(ExtensibilityGlobals) = postSolution
		SolutionGuid = {29C57CB6-E4E3-490B-9E1E-8531EB02FC46}
	EndGlobalSection
EndGlobal
